
Microsoft Visual Studio Solution File, Format Version 12.00
# Visual Studio Version 17
VisualStudioVersion = 17.11.35219.272
MinimumVisualStudioVersion = 10.0.40219.1
Project("{FAE04EC0-301F-11D3-BF4B-00C04F79EFBC}") = "Task1_Student", "Task1_Student\Task1_Student.csproj", "{6367FE39-E42F-4BB3-972A-3305F9F6AC3D}"
EndProject
Global
	GlobalSection(SolutionConfigurationPlatforms) = preSolution
		Debug|Any CPU = Debug|Any CPU
		Release|Any CPU = Release|Any CPU
	EndGlobalSection
	GlobalSection(ProjectConfigurationPlatforms) = postSolution
		{6367FE39-E42F-4BB3-972A-3305F9F6AC3D}.Debug|Any CPU.ActiveCfg = Debug|Any CPU
		{6367FE39-E42F-4BB3-972A-3305F9F6AC3D}.Debug|Any CPU.Build.0 = Debug|Any CPU
		{6367FE39-E42F-4BB3-972A-3305F9F6AC3D}.Release|Any CPU.ActiveCfg = Release|Any CPU
		{6367FE39-E42F-4BB3-972A-3305F9F6AC3D}.Release|Any CPU.Build.0 = Release|Any CPU
	EndGlobalSection
	GlobalSection(SolutionProperties) = preSolution
		HideSolutionNode = FALSE
	EndGlobalSection
	GlobalSection(ExtensibilityGlobals) = postSolution
		SolutionGuid = {8D03508E-8797-4D16-8BA8-D4D4475791DE}
	EndGlobalSection
EndGlobal
