
Microsoft Visual Studio Solution File, Format Version 12.00
# Visual Studio Version 17
VisualStudioVersion = 17.11.35219.272
MinimumVisualStudioVersion = 10.0.40219.1
Project("{FAE04EC0-301F-11D3-BF4B-00C04F79EFBC}") = "Task5_RESTAPI", "Task5_RESTAPI\Task5_RESTAPI.csproj", "{631B7F66-4AB8-4927-A013-0868948597FF}"
EndProject
Global
	GlobalSection(SolutionConfigurationPlatforms) = preSolution
		Debug|Any CPU = Debug|Any CPU
		Release|Any CPU = Release|Any CPU
	EndGlobalSection
	GlobalSection(ProjectConfigurationPlatforms) = postSolution
		{631B7F66-4AB8-4927-A013-0868948597FF}.Debug|Any CPU.ActiveCfg = Debug|Any CPU
		{631B7F66-4AB8-4927-A013-0868948597FF}.Debug|Any CPU.Build.0 = Debug|Any CPU
		{631B7F66-4AB8-4927-A013-0868948597FF}.Release|Any CPU.ActiveCfg = Release|Any CPU
		{631B7F66-4AB8-4927-A013-0868948597FF}.Release|Any CPU.Build.0 = Release|Any CPU
	EndGlobalSection
	GlobalSection(SolutionProperties) = preSolution
		HideSolutionNode = FALSE
	EndGlobalSection
	GlobalSection(ExtensibilityGlobals) = postSolution
		SolutionGuid = {D9229BA2-A5DF-400C-B55E-4952B8199CB1}
	EndGlobalSection
EndGlobal
